
Microsoft Visual Studio Solution File, Format Version 12.00
# Visual Studio Version 17
VisualStudioVersion = 17.6.33829.357
MinimumVisualStudioVersion = 10.0.40219.1
Project("{8BC9CEB8-8B4A-11D0-8D11-00A0C91BC942}") = "n.linh", "n.linh\n.linh.vcxproj", "{AB0701C0-BFCD-4B32-8956-1B62561D0491}"
EndProject
Project("{8BC9CEB8-8B4A-11D0-8D11-00A0C91BC942}") = "Buoi 4", "Buoi 4\Buoi 4.vcxproj", "{9890A2B5-13E9-4744-A29E-785AA2B96823}"
EndProject
Project("{8BC9CEB8-8B4A-11D0-8D11-00A0C91BC942}") = "bai 5.8", "bai 5.8\bai 5.8.vcxproj", "{EDBA11C4-6C0D-45EB-8740-AFE5A1FBCD41}"
EndProject
Project("{8BC9CEB8-8B4A-11D0-8D11-00A0C91BC942}") = "PreIT-6", "PreIT-6\PreIT-6.vcxproj", "{239F2393-3553-48D2-8822-1E4478092012}"
EndProject
Project("{8BC9CEB8-8B4A-11D0-8D11-00A0C91BC942}") = "Buoi_5", "Buoi_5\Buoi_5.vcxproj", "{DF1AC698-EEDA-4359-B4DD-CC49054A1E38}"
EndProject
Project("{8BC9CEB8-8B4A-11D0-8D11-00A0C91BC942}") = "PreIT-6-BaiTap", "PreIT-6-BaiTap\PreIT-6-BaiTap.vcxproj", "{76C33DA6-9F86-4B4F-AFAD-6F663FB5D6AB}"
EndProject
Project("{8BC9CEB8-8B4A-11D0-8D11-00A0C91BC942}") = "PreIT-6-LuyenTap", "PreIT-6-LuyenTap\PreIT-6-LuyenTap.vcxproj", "{3475019B-A48D-4771-BCB9-E35A4F78F57C}"
EndProject
Project("{8BC9CEB8-8B4A-11D0-8D11-00A0C91BC942}") = "PreIT-6-BaiTap.2", "PreIT-6-BaiTap.2\PreIT-6-BaiTap.2.vcxproj", "{48EA73BD-1DAA-482D-8279-21C92FD0AC95}"
EndProject
Project("{8BC9CEB8-8B4A-11D0-8D11-00A0C91BC942}") = "PreIT-6-BaiTap.3", "PreIT-6-BaiTap.3\PreIT-6-BaiTap.3.vcxproj", "{7BB22779-8C3F-4427-A3D2-50076FE88017}"
EndProject
Project("{8BC9CEB8-8B4A-11D0-8D11-00A0C91BC942}") = "PreIT-6-BaiTap.4", "PreIT-6-BaiTap.4\PreIT-6-BaiTap.4.vcxproj", "{F74E7A7B-0E3C-4F55-83C5-D822AF9DCC51}"
EndProject
Project("{8BC9CEB8-8B4A-11D0-8D11-00A0C91BC942}") = "PreIT-6-BaiTap.5", "PreIT-6-BaiTap.5\PreIT-6-BaiTap.5.vcxproj", "{5A145CE3-B04D-458B-9FF0-44FD7505756F}"
EndProject
Project("{8BC9CEB8-8B4A-11D0-8D11-00A0C91BC942}") = "PreIT-6-VeHinh-While", "PreIT-6-VeHinh-While\PreIT-6-VeHinh-While.vcxproj", "{4609AA21-B925-4D60-9055-EC56475EC97C}"
EndProject
Project("{8BC9CEB8-8B4A-11D0-8D11-00A0C91BC942}") = "PreIT-6-SoNguyenN", "PreIT-6-SoNguyenN\PreIT-6-SoNguyenN.vcxproj", "{73BEE4E1-C61A-48BD-8D95-7AB92073F8FE}"
EndProject
Project("{8BC9CEB8-8B4A-11D0-8D11-00A0C91BC942}") = "PreIT-7-HocTrenLop", "PreIT-7-HocTrenLop\PreIT-7-HocTrenLop.vcxproj", "{31FCAD02-6FA3-4BFF-8503-46D37AE247D0}"
EndProject
Project("{8BC9CEB8-8B4A-11D0-8D11-00A0C91BC942}") = "PreIT-7-BaiTapVeNha", "PreIT-7-BaiTapVeNha\PreIT-7-BaiTapVeNha.vcxproj", "{162D1085-F959-4867-A3B1-1EF52831BD9B}"
EndProject
Project("{8BC9CEB8-8B4A-11D0-8D11-00A0C91BC942}") = "PreiT-7-BaiTapVeNha_2", "PreiT-7-BaiTapVeNha_2\PreiT-7-BaiTapVeNha_2.vcxproj", "{B2E32CEC-22B3-426A-935B-95BD99B52748}"
EndProject
Project("{8BC9CEB8-8B4A-11D0-8D11-00A0C91BC942}") = "PreiT-7-BaiTapVeNha_3", "PreiT-7-BaiTapVeNha_3\PreiT-7-BaiTapVeNha_3.vcxproj", "{D65F01B0-0E32-4D6E-B2C8-6467BDA408F2}"
EndProject
Project("{8BC9CEB8-8B4A-11D0-8D11-00A0C91BC942}") = "PreIT-7-HocTrenLop_2", "PreIT-7-HocTrenLop_2\PreIT-7-HocTrenLop_2.vcxproj", "{FBA90701-33ED-47AE-8A31-8F14861A098C}"
EndProject
Project("{8BC9CEB8-8B4A-11D0-8D11-00A0C91BC942}") = "PreIT-7-BaiTapVeNha_4", "PreIT-7-BaiTapVeNha_4\PreIT-7-BaiTapVeNha_4.vcxproj", "{B0FCB7DA-92BD-48CC-83A9-2F11C39D450E}"
EndProject
Project("{8BC9CEB8-8B4A-11D0-8D11-00A0C91BC942}") = "PreIT-7-BaiTapVeNha_5", "PreIT-7-BaiTapVeNha_5\PreIT-7-BaiTapVeNha_5.vcxproj", "{085C2743-9839-4F0C-8323-8891C6A4FEEE}"
EndProject
Project("{8BC9CEB8-8B4A-11D0-8D11-00A0C91BC942}") = "PreIT-7-BaiTapVeNha_6", "PreIT-7-BaiTapVeNha_6\PreIT-7-BaiTapVeNha_6.vcxproj", "{5211BBF1-741E-498E-AD80-9F62E0C96BD5}"
EndProject
Project("{8BC9CEB8-8B4A-11D0-8D11-00A0C91BC942}") = "PreIT-8-HocTrenLop", "PreIT-8-HocTrenLop\PreIT-8-HocTrenLop.vcxproj", "{479CBEEB-F6AA-405A-94E1-BEBF5F22939F}"
EndProject
Project("{8BC9CEB8-8B4A-11D0-8D11-00A0C91BC942}") = "PreIT-8-BaiTapVeNha", "PreIT-8-BaiTapVeNha\PreIT-8-BaiTapVeNha.vcxproj", "{0F436EBE-D30E-4DBD-B2A2-AE8D439D1943}"
EndProject
Project("{8BC9CEB8-8B4A-11D0-8D11-00A0C91BC942}") = "PreIT-8-HocTrenLop_2", "PreIT-8-HocTrenLop_2\PreIT-8-HocTrenLop_2.vcxproj", "{F7F1ED5E-94DC-4EC4-8761-1A4F3FB45BEA}"
EndProject
Project("{8BC9CEB8-8B4A-11D0-8D11-00A0C91BC942}") = "PreIT-8-HocTrenLop_3", "PreIT-8-HocTrenLop_3\PreIT-8-HocTrenLop_3.vcxproj", "{95F8E7FF-F8B1-4E42-942A-9D2370EE9602}"
EndProject
Project("{8BC9CEB8-8B4A-11D0-8D11-00A0C91BC942}") = "PreIT-8-HocTrenLop_4", "PreIT-8-HocTrenLop_4\PreIT-8-HocTrenLop_4.vcxproj", "{EC8EC03B-1FD4-4664-90E9-B088324E390A}"
EndProject
Project("{8BC9CEB8-8B4A-11D0-8D11-00A0C91BC942}") = "PreIT-9&10-HocTrenLop", "PreIT-9&10-HocTrenLop\PreIT-9&10-HocTrenLop.vcxproj", "{BE3964C8-6EAE-4869-9C69-5A87A71B222E}"
EndProject
Project("{8BC9CEB8-8B4A-11D0-8D11-00A0C91BC942}") = "PreIT-9&10-HocTrenLop_2", "PreIT-9&10-HocTrenLop_2\PreIT-9&10-HocTrenLop_2.vcxproj", "{FD751C0D-C5FA-46F7-8E0F-7E8F17359727}"
EndProject
Project("{8BC9CEB8-8B4A-11D0-8D11-00A0C91BC942}") = "PreIT-9&10-HocTrenLop_3", "PreIT-9&10-HocTrenLop_3\PreIT-9&10-HocTrenLop_3.vcxproj", "{8B7004A1-1CFF-43A9-9BBE-8E85542D070A}"
EndProject
Project("{8BC9CEB8-8B4A-11D0-8D11-00A0C91BC942}") = "PreIT-9&10-HocTrenLop_4", "PreIT-9&10-HocTrenLop_4\PreIT-9&10-HocTrenLop_4.vcxproj", "{0DD24FCC-9BB0-4F4A-92E3-AE3F8ED836C7}"
EndProject
Project("{8BC9CEB8-8B4A-11D0-8D11-00A0C91BC942}") = "PreIT-9&10-HocTrenLop_5", "PreIT-9&10-HocTrenLop_5\PreIT-9&10-HocTrenLop_5.vcxproj", "{5E361CB5-B9A7-412C-9D66-CD42CA263685}"
EndProject
Project("{8BC9CEB8-8B4A-11D0-8D11-00A0C91BC942}") = "PreIT-9&10-HocTrenLop_6", "PreIT-9&10-HocTrenLop_6\PreIT-9&10-HocTrenLop_6.vcxproj", "{C9697199-F599-4F2B-A6AF-06E986BC517D}"
EndProject
Project("{8BC9CEB8-8B4A-11D0-8D11-00A0C91BC942}") = "PreIT-9&10-BaiTapVeNha_2", "PreIT-9&10-BaiTapVeNha_2\PreIT-9&10-BaiTapVeNha_2.vcxproj", "{8D302F8A-1C8D-4381-83D0-BDAF3426983C}"
EndProject
Project("{8BC9CEB8-8B4A-11D0-8D11-00A0C91BC942}") = "PreIT-11-HocTrenLop", "PreIT-11-HocTrenLop\PreIT-11-HocTrenLop.vcxproj", "{417611CC-BCE4-44D9-8558-6C8CEC2E04EB}"
EndProject
Project("{8BC9CEB8-8B4A-11D0-8D11-00A0C91BC942}") = "PreIT-11-HocTrenLop_2", "PreIT-11-HocTrenLop_2\PreIT-11-HocTrenLop_2.vcxproj", "{B3C02734-843B-409B-8C2C-BC82E03F393E}"
EndProject
Global
	GlobalSection(SolutionConfigurationPlatforms) = preSolution
		Debug|x64 = Debug|x64
		Debug|x86 = Debug|x86
		Release|x64 = Release|x64
		Release|x86 = Release|x86
	EndGlobalSection
	GlobalSection(ProjectConfigurationPlatforms) = postSolution
		{AB0701C0-BFCD-4B32-8956-1B62561D0491}.Debug|x64.ActiveCfg = Debug|x64
		{AB0701C0-BFCD-4B32-8956-1B62561D0491}.Debug|x64.Build.0 = Debug|x64
		{AB0701C0-BFCD-4B32-8956-1B62561D0491}.Debug|x86.ActiveCfg = Debug|Win32
		{AB0701C0-BFCD-4B32-8956-1B62561D0491}.Debug|x86.Build.0 = Debug|Win32
		{AB0701C0-BFCD-4B32-8956-1B62561D0491}.Release|x64.ActiveCfg = Release|x64
		{AB0701C0-BFCD-4B32-8956-1B62561D0491}.Release|x64.Build.0 = Release|x64
		{AB0701C0-BFCD-4B32-8956-1B62561D0491}.Release|x86.ActiveCfg = Release|Win32
		{AB0701C0-BFCD-4B32-8956-1B62561D0491}.Release|x86.Build.0 = Release|Win32
		{9890A2B5-13E9-4744-A29E-785AA2B96823}.Debug|x64.ActiveCfg = Debug|x64
		{9890A2B5-13E9-4744-A29E-785AA2B96823}.Debug|x64.Build.0 = Debug|x64
		{9890A2B5-13E9-4744-A29E-785AA2B96823}.Debug|x86.ActiveCfg = Debug|Win32
		{9890A2B5-13E9-4744-A29E-785AA2B96823}.Debug|x86.Build.0 = Debug|Win32
		{9890A2B5-13E9-4744-A29E-785AA2B96823}.Release|x64.ActiveCfg = Release|x64
		{9890A2B5-13E9-4744-A29E-785AA2B96823}.Release|x64.Build.0 = Release|x64
		{9890A2B5-13E9-4744-A29E-785AA2B96823}.Release|x86.ActiveCfg = Release|Win32
		{9890A2B5-13E9-4744-A29E-785AA2B96823}.Release|x86.Build.0 = Release|Win32
		{EDBA11C4-6C0D-45EB-8740-AFE5A1FBCD41}.Debug|x64.ActiveCfg = Debug|x64
		{EDBA11C4-6C0D-45EB-8740-AFE5A1FBCD41}.Debug|x64.Build.0 = Debug|x64
		{EDBA11C4-6C0D-45EB-8740-AFE5A1FBCD41}.Debug|x86.ActiveCfg = Debug|Win32
		{EDBA11C4-6C0D-45EB-8740-AFE5A1FBCD41}.Debug|x86.Build.0 = Debug|Win32
		{EDBA11C4-6C0D-45EB-8740-AFE5A1FBCD41}.Release|x64.ActiveCfg = Release|x64
		{EDBA11C4-6C0D-45EB-8740-AFE5A1FBCD41}.Release|x64.Build.0 = Release|x64
		{EDBA11C4-6C0D-45EB-8740-AFE5A1FBCD41}.Release|x86.ActiveCfg = Release|Win32
		{EDBA11C4-6C0D-45EB-8740-AFE5A1FBCD41}.Release|x86.Build.0 = Release|Win32
		{239F2393-3553-48D2-8822-1E4478092012}.Debug|x64.ActiveCfg = Debug|x64
		{239F2393-3553-48D2-8822-1E4478092012}.Debug|x64.Build.0 = Debug|x64
		{239F2393-3553-48D2-8822-1E4478092012}.Debug|x86.ActiveCfg = Debug|Win32
		{239F2393-3553-48D2-8822-1E4478092012}.Debug|x86.Build.0 = Debug|Win32
		{239F2393-3553-48D2-8822-1E4478092012}.Release|x64.ActiveCfg = Release|x64
		{239F2393-3553-48D2-8822-1E4478092012}.Release|x64.Build.0 = Release|x64
		{239F2393-3553-48D2-8822-1E4478092012}.Release|x86.ActiveCfg = Release|Win32
		{239F2393-3553-48D2-8822-1E4478092012}.Release|x86.Build.0 = Release|Win32
		{DF1AC698-EEDA-4359-B4DD-CC49054A1E38}.Debug|x64.ActiveCfg = Debug|x64
		{DF1AC698-EEDA-4359-B4DD-CC49054A1E38}.Debug|x64.Build.0 = Debug|x64
		{DF1AC698-EEDA-4359-B4DD-CC49054A1E38}.Debug|x86.ActiveCfg = Debug|Win32
		{DF1AC698-EEDA-4359-B4DD-CC49054A1E38}.Debug|x86.Build.0 = Debug|Win32
		{DF1AC698-EEDA-4359-B4DD-CC49054A1E38}.Release|x64.ActiveCfg = Release|x64
		{DF1AC698-EEDA-4359-B4DD-CC49054A1E38}.Release|x64.Build.0 = Release|x64
		{DF1AC698-EEDA-4359-B4DD-CC49054A1E38}.Release|x86.ActiveCfg = Release|Win32
		{DF1AC698-EEDA-4359-B4DD-CC49054A1E38}.Release|x86.Build.0 = Release|Win32
		{76C33DA6-9F86-4B4F-AFAD-6F663FB5D6AB}.Debug|x64.ActiveCfg = Debug|x64
		{76C33DA6-9F86-4B4F-AFAD-6F663FB5D6AB}.Debug|x64.Build.0 = Debug|x64
		{76C33DA6-9F86-4B4F-AFAD-6F663FB5D6AB}.Debug|x86.ActiveCfg = Debug|Win32
		{76C33DA6-9F86-4B4F-AFAD-6F663FB5D6AB}.Debug|x86.Build.0 = Debug|Win32
		{76C33DA6-9F86-4B4F-AFAD-6F663FB5D6AB}.Release|x64.ActiveCfg = Release|x64
		{76C33DA6-9F86-4B4F-AFAD-6F663FB5D6AB}.Release|x64.Build.0 = Release|x64
		{76C33DA6-9F86-4B4F-AFAD-6F663FB5D6AB}.Release|x86.ActiveCfg = Release|Win32
		{76C33DA6-9F86-4B4F-AFAD-6F663FB5D6AB}.Release|x86.Build.0 = Release|Win32
		{3475019B-A48D-4771-BCB9-E35A4F78F57C}.Debug|x64.ActiveCfg = Debug|x64
		{3475019B-A48D-4771-BCB9-E35A4F78F57C}.Debug|x64.Build.0 = Debug|x64
		{3475019B-A48D-4771-BCB9-E35A4F78F57C}.Debug|x86.ActiveCfg = Debug|Win32
		{3475019B-A48D-4771-BCB9-E35A4F78F57C}.Debug|x86.Build.0 = Debug|Win32
		{3475019B-A48D-4771-BCB9-E35A4F78F57C}.Release|x64.ActiveCfg = Release|x64
		{3475019B-A48D-4771-BCB9-E35A4F78F57C}.Release|x64.Build.0 = Release|x64
		{3475019B-A48D-4771-BCB9-E35A4F78F57C}.Release|x86.ActiveCfg = Release|Win32
		{3475019B-A48D-4771-BCB9-E35A4F78F57C}.Release|x86.Build.0 = Release|Win32
		{48EA73BD-1DAA-482D-8279-21C92FD0AC95}.Debug|x64.ActiveCfg = Debug|x64
		{48EA73BD-1DAA-482D-8279-21C92FD0AC95}.Debug|x64.Build.0 = Debug|x64
		{48EA73BD-1DAA-482D-8279-21C92FD0AC95}.Debug|x86.ActiveCfg = Debug|Win32
		{48EA73BD-1DAA-482D-8279-21C92FD0AC95}.Debug|x86.Build.0 = Debug|Win32
		{48EA73BD-1DAA-482D-8279-21C92FD0AC95}.Release|x64.ActiveCfg = Release|x64
		{48EA73BD-1DAA-482D-8279-21C92FD0AC95}.Release|x64.Build.0 = Release|x64
		{48EA73BD-1DAA-482D-8279-21C92FD0AC95}.Release|x86.ActiveCfg = Release|Win32
		{48EA73BD-1DAA-482D-8279-21C92FD0AC95}.Release|x86.Build.0 = Release|Win32
		{7BB22779-8C3F-4427-A3D2-50076FE88017}.Debug|x64.ActiveCfg = Debug|x64
		{7BB22779-8C3F-4427-A3D2-50076FE88017}.Debug|x64.Build.0 = Debug|x64
		{7BB22779-8C3F-4427-A3D2-50076FE88017}.Debug|x86.ActiveCfg = Debug|Win32
		{7BB22779-8C3F-4427-A3D2-50076FE88017}.Debug|x86.Build.0 = Debug|Win32
		{7BB22779-8C3F-4427-A3D2-50076FE88017}.Release|x64.ActiveCfg = Release|x64
		{7BB22779-8C3F-4427-A3D2-50076FE88017}.Release|x64.Build.0 = Release|x64
		{7BB22779-8C3F-4427-A3D2-50076FE88017}.Release|x86.ActiveCfg = Release|Win32
		{7BB22779-8C3F-4427-A3D2-50076FE88017}.Release|x86.Build.0 = Release|Win32
		{F74E7A7B-0E3C-4F55-83C5-D822AF9DCC51}.Debug|x64.ActiveCfg = Debug|x64
		{F74E7A7B-0E3C-4F55-83C5-D822AF9DCC51}.Debug|x64.Build.0 = Debug|x64
		{F74E7A7B-0E3C-4F55-83C5-D822AF9DCC51}.Debug|x86.ActiveCfg = Debug|Win32
		{F74E7A7B-0E3C-4F55-83C5-D822AF9DCC51}.Debug|x86.Build.0 = Debug|Win32
		{F74E7A7B-0E3C-4F55-83C5-D822AF9DCC51}.Release|x64.ActiveCfg = Release|x64
		{F74E7A7B-0E3C-4F55-83C5-D822AF9DCC51}.Release|x64.Build.0 = Release|x64
		{F74E7A7B-0E3C-4F55-83C5-D822AF9DCC51}.Release|x86.ActiveCfg = Release|Win32
		{F74E7A7B-0E3C-4F55-83C5-D822AF9DCC51}.Release|x86.Build.0 = Release|Win32
		{5A145CE3-B04D-458B-9FF0-44FD7505756F}.Debug|x64.ActiveCfg = Debug|x64
		{5A145CE3-B04D-458B-9FF0-44FD7505756F}.Debug|x64.Build.0 = Debug|x64
		{5A145CE3-B04D-458B-9FF0-44FD7505756F}.Debug|x86.ActiveCfg = Debug|Win32
		{5A145CE3-B04D-458B-9FF0-44FD7505756F}.Debug|x86.Build.0 = Debug|Win32
		{5A145CE3-B04D-458B-9FF0-44FD7505756F}.Release|x64.ActiveCfg = Release|x64
		{5A145CE3-B04D-458B-9FF0-44FD7505756F}.Release|x64.Build.0 = Release|x64
		{5A145CE3-B04D-458B-9FF0-44FD7505756F}.Release|x86.ActiveCfg = Release|Win32
		{5A145CE3-B04D-458B-9FF0-44FD7505756F}.Release|x86.Build.0 = Release|Win32
		{4609AA21-B925-4D60-9055-EC56475EC97C}.Debug|x64.ActiveCfg = Debug|x64
		{4609AA21-B925-4D60-9055-EC56475EC97C}.Debug|x64.Build.0 = Debug|x64
		{4609AA21-B925-4D60-9055-EC56475EC97C}.Debug|x86.ActiveCfg = Debug|Win32
		{4609AA21-B925-4D60-9055-EC56475EC97C}.Debug|x86.Build.0 = Debug|Win32
		{4609AA21-B925-4D60-9055-EC56475EC97C}.Release|x64.ActiveCfg = Release|x64
		{4609AA21-B925-4D60-9055-EC56475EC97C}.Release|x64.Build.0 = Release|x64
		{4609AA21-B925-4D60-9055-EC56475EC97C}.Release|x86.ActiveCfg = Release|Win32
		{4609AA21-B925-4D60-9055-EC56475EC97C}.Release|x86.Build.0 = Release|Win32
		{73BEE4E1-C61A-48BD-8D95-7AB92073F8FE}.Debug|x64.ActiveCfg = Debug|x64
		{73BEE4E1-C61A-48BD-8D95-7AB92073F8FE}.Debug|x64.Build.0 = Debug|x64
		{73BEE4E1-C61A-48BD-8D95-7AB92073F8FE}.Debug|x86.ActiveCfg = Debug|Win32
		{73BEE4E1-C61A-48BD-8D95-7AB92073F8FE}.Debug|x86.Build.0 = Debug|Win32
		{73BEE4E1-C61A-48BD-8D95-7AB92073F8FE}.Release|x64.ActiveCfg = Release|x64
		{73BEE4E1-C61A-48BD-8D95-7AB92073F8FE}.Release|x64.Build.0 = Release|x64
		{73BEE4E1-C61A-48BD-8D95-7AB92073F8FE}.Release|x86.ActiveCfg = Release|Win32
		{73BEE4E1-C61A-48BD-8D95-7AB92073F8FE}.Release|x86.Build.0 = Release|Win32
		{31FCAD02-6FA3-4BFF-8503-46D37AE247D0}.Debug|x64.ActiveCfg = Debug|x64
		{31FCAD02-6FA3-4BFF-8503-46D37AE247D0}.Debug|x64.Build.0 = Debug|x64
		{31FCAD02-6FA3-4BFF-8503-46D37AE247D0}.Debug|x86.ActiveCfg = Debug|Win32
		{31FCAD02-6FA3-4BFF-8503-46D37AE247D0}.Debug|x86.Build.0 = Debug|Win32
		{31FCAD02-6FA3-4BFF-8503-46D37AE247D0}.Release|x64.ActiveCfg = Release|x64
		{31FCAD02-6FA3-4BFF-8503-46D37AE247D0}.Release|x64.Build.0 = Release|x64
		{31FCAD02-6FA3-4BFF-8503-46D37AE247D0}.Release|x86.ActiveCfg = Release|Win32
		{31FCAD02-6FA3-4BFF-8503-46D37AE247D0}.Release|x86.Build.0 = Release|Win32
		{162D1085-F959-4867-A3B1-1EF52831BD9B}.Debug|x64.ActiveCfg = Debug|x64
		{162D1085-F959-4867-A3B1-1EF52831BD9B}.Debug|x64.Build.0 = Debug|x64
		{162D1085-F959-4867-A3B1-1EF52831BD9B}.Debug|x86.ActiveCfg = Debug|Win32
		{162D1085-F959-4867-A3B1-1EF52831BD9B}.Debug|x86.Build.0 = Debug|Win32
		{162D1085-F959-4867-A3B1-1EF52831BD9B}.Release|x64.ActiveCfg = Release|x64
		{162D1085-F959-4867-A3B1-1EF52831BD9B}.Release|x64.Build.0 = Release|x64
		{162D1085-F959-4867-A3B1-1EF52831BD9B}.Release|x86.ActiveCfg = Release|Win32
		{162D1085-F959-4867-A3B1-1EF52831BD9B}.Release|x86.Build.0 = Release|Win32
		{B2E32CEC-22B3-426A-935B-95BD99B52748}.Debug|x64.ActiveCfg = Debug|x64
		{B2E32CEC-22B3-426A-935B-95BD99B52748}.Debug|x64.Build.0 = Debug|x64
		{B2E32CEC-22B3-426A-935B-95BD99B52748}.Debug|x86.ActiveCfg = Debug|Win32
		{B2E32CEC-22B3-426A-935B-95BD99B52748}.Debug|x86.Build.0 = Debug|Win32
		{B2E32CEC-22B3-426A-935B-95BD99B52748}.Release|x64.ActiveCfg = Release|x64
		{B2E32CEC-22B3-426A-935B-95BD99B52748}.Release|x64.Build.0 = Release|x64
		{B2E32CEC-22B3-426A-935B-95BD99B52748}.Release|x86.ActiveCfg = Release|Win32
		{B2E32CEC-22B3-426A-935B-95BD99B52748}.Release|x86.Build.0 = Release|Win32
		{D65F01B0-0E32-4D6E-B2C8-6467BDA408F2}.Debug|x64.ActiveCfg = Debug|x64
		{D65F01B0-0E32-4D6E-B2C8-6467BDA408F2}.Debug|x64.Build.0 = Debug|x64
		{D65F01B0-0E32-4D6E-B2C8-6467BDA408F2}.Debug|x86.ActiveCfg = Debug|Win32
		{D65F01B0-0E32-4D6E-B2C8-6467BDA408F2}.Debug|x86.Build.0 = Debug|Win32
		{D65F01B0-0E32-4D6E-B2C8-6467BDA408F2}.Release|x64.ActiveCfg = Release|x64
		{D65F01B0-0E32-4D6E-B2C8-6467BDA408F2}.Release|x64.Build.0 = Release|x64
		{D65F01B0-0E32-4D6E-B2C8-6467BDA408F2}.Release|x86.ActiveCfg = Release|Win32
		{D65F01B0-0E32-4D6E-B2C8-6467BDA408F2}.Release|x86.Build.0 = Release|Win32
		{FBA90701-33ED-47AE-8A31-8F14861A098C}.Debug|x64.ActiveCfg = Debug|x64
		{FBA90701-33ED-47AE-8A31-8F14861A098C}.Debug|x64.Build.0 = Debug|x64
		{FBA90701-33ED-47AE-8A31-8F14861A098C}.Debug|x86.ActiveCfg = Debug|Win32
		{FBA90701-33ED-47AE-8A31-8F14861A098C}.Debug|x86.Build.0 = Debug|Win32
		{FBA90701-33ED-47AE-8A31-8F14861A098C}.Release|x64.ActiveCfg = Release|x64
		{FBA90701-33ED-47AE-8A31-8F14861A098C}.Release|x64.Build.0 = Release|x64
		{FBA90701-33ED-47AE-8A31-8F14861A098C}.Release|x86.ActiveCfg = Release|Win32
		{FBA90701-33ED-47AE-8A31-8F14861A098C}.Release|x86.Build.0 = Release|Win32
		{B0FCB7DA-92BD-48CC-83A9-2F11C39D450E}.Debug|x64.ActiveCfg = Debug|x64
		{B0FCB7DA-92BD-48CC-83A9-2F11C39D450E}.Debug|x64.Build.0 = Debug|x64
		{B0FCB7DA-92BD-48CC-83A9-2F11C39D450E}.Debug|x86.ActiveCfg = Debug|Win32
		{B0FCB7DA-92BD-48CC-83A9-2F11C39D450E}.Debug|x86.Build.0 = Debug|Win32
		{B0FCB7DA-92BD-48CC-83A9-2F11C39D450E}.Release|x64.ActiveCfg = Release|x64
		{B0FCB7DA-92BD-48CC-83A9-2F11C39D450E}.Release|x64.Build.0 = Release|x64
		{B0FCB7DA-92BD-48CC-83A9-2F11C39D450E}.Release|x86.ActiveCfg = Release|Win32
		{B0FCB7DA-92BD-48CC-83A9-2F11C39D450E}.Release|x86.Build.0 = Release|Win32
		{085C2743-9839-4F0C-8323-8891C6A4FEEE}.Debug|x64.ActiveCfg = Debug|x64
		{085C2743-9839-4F0C-8323-8891C6A4FEEE}.Debug|x64.Build.0 = Debug|x64
		{085C2743-9839-4F0C-8323-8891C6A4FEEE}.Debug|x86.ActiveCfg = Debug|Win32
		{085C2743-9839-4F0C-8323-8891C6A4FEEE}.Debug|x86.Build.0 = Debug|Win32
		{085C2743-9839-4F0C-8323-8891C6A4FEEE}.Release|x64.ActiveCfg = Release|x64
		{085C2743-9839-4F0C-8323-8891C6A4FEEE}.Release|x64.Build.0 = Release|x64
		{085C2743-9839-4F0C-8323-8891C6A4FEEE}.Release|x86.ActiveCfg = Release|Win32
		{085C2743-9839-4F0C-8323-8891C6A4FEEE}.Release|x86.Build.0 = Release|Win32
		{5211BBF1-741E-498E-AD80-9F62E0C96BD5}.Debug|x64.ActiveCfg = Debug|x64
		{5211BBF1-741E-498E-AD80-9F62E0C96BD5}.Debug|x64.Build.0 = Debug|x64
		{5211BBF1-741E-498E-AD80-9F62E0C96BD5}.Debug|x86.ActiveCfg = Debug|Win32
		{5211BBF1-741E-498E-AD80-9F62E0C96BD5}.Debug|x86.Build.0 = Debug|Win32
		{5211BBF1-741E-498E-AD80-9F62E0C96BD5}.Release|x64.ActiveCfg = Release|x64
		{5211BBF1-741E-498E-AD80-9F62E0C96BD5}.Release|x64.Build.0 = Release|x64
		{5211BBF1-741E-498E-AD80-9F62E0C96BD5}.Release|x86.ActiveCfg = Release|Win32
		{5211BBF1-741E-498E-AD80-9F62E0C96BD5}.Release|x86.Build.0 = Release|Win32
		{479CBEEB-F6AA-405A-94E1-BEBF5F22939F}.Debug|x64.ActiveCfg = Debug|x64
		{479CBEEB-F6AA-405A-94E1-BEBF5F22939F}.Debug|x64.Build.0 = Debug|x64
		{479CBEEB-F6AA-405A-94E1-BEBF5F22939F}.Debug|x86.ActiveCfg = Debug|Win32
		{479CBEEB-F6AA-405A-94E1-BEBF5F22939F}.Debug|x86.Build.0 = Debug|Win32
		{479CBEEB-F6AA-405A-94E1-BEBF5F22939F}.Release|x64.ActiveCfg = Release|x64
		{479CBEEB-F6AA-405A-94E1-BEBF5F22939F}.Release|x64.Build.0 = Release|x64
		{479CBEEB-F6AA-405A-94E1-BEBF5F22939F}.Release|x86.ActiveCfg = Release|Win32
		{479CBEEB-F6AA-405A-94E1-BEBF5F22939F}.Release|x86.Build.0 = Release|Win32
		{0F436EBE-D30E-4DBD-B2A2-AE8D439D1943}.Debug|x64.ActiveCfg = Debug|x64
		{0F436EBE-D30E-4DBD-B2A2-AE8D439D1943}.Debug|x64.Build.0 = Debug|x64
		{0F436EBE-D30E-4DBD-B2A2-AE8D439D1943}.Debug|x86.ActiveCfg = Debug|Win32
		{0F436EBE-D30E-4DBD-B2A2-AE8D439D1943}.Debug|x86.Build.0 = Debug|Win32
		{0F436EBE-D30E-4DBD-B2A2-AE8D439D1943}.Release|x64.ActiveCfg = Release|x64
		{0F436EBE-D30E-4DBD-B2A2-AE8D439D1943}.Release|x64.Build.0 = Release|x64
		{0F436EBE-D30E-4DBD-B2A2-AE8D439D1943}.Release|x86.ActiveCfg = Release|Win32
		{0F436EBE-D30E-4DBD-B2A2-AE8D439D1943}.Release|x86.Build.0 = Release|Win32
		{F7F1ED5E-94DC-4EC4-8761-1A4F3FB45BEA}.Debug|x64.ActiveCfg = Debug|x64
		{F7F1ED5E-94DC-4EC4-8761-1A4F3FB45BEA}.Debug|x64.Build.0 = Debug|x64
		{F7F1ED5E-94DC-4EC4-8761-1A4F3FB45BEA}.Debug|x86.ActiveCfg = Debug|Win32
		{F7F1ED5E-94DC-4EC4-8761-1A4F3FB45BEA}.Debug|x86.Build.0 = Debug|Win32
		{F7F1ED5E-94DC-4EC4-8761-1A4F3FB45BEA}.Release|x64.ActiveCfg = Release|x64
		{F7F1ED5E-94DC-4EC4-8761-1A4F3FB45BEA}.Release|x64.Build.0 = Release|x64
		{F7F1ED5E-94DC-4EC4-8761-1A4F3FB45BEA}.Release|x86.ActiveCfg = Release|Win32
		{F7F1ED5E-94DC-4EC4-8761-1A4F3FB45BEA}.Release|x86.Build.0 = Release|Win32
		{95F8E7FF-F8B1-4E42-942A-9D2370EE9602}.Debug|x64.ActiveCfg = Debug|x64
		{95F8E7FF-F8B1-4E42-942A-9D2370EE9602}.Debug|x64.Build.0 = Debug|x64
		{95F8E7FF-F8B1-4E42-942A-9D2370EE9602}.Debug|x86.ActiveCfg = Debug|Win32
		{95F8E7FF-F8B1-4E42-942A-9D2370EE9602}.Debug|x86.Build.0 = Debug|Win32
		{95F8E7FF-F8B1-4E42-942A-9D2370EE9602}.Release|x64.ActiveCfg = Release|x64
		{95F8E7FF-F8B1-4E42-942A-9D2370EE9602}.Release|x64.Build.0 = Release|x64
		{95F8E7FF-F8B1-4E42-942A-9D2370EE9602}.Release|x86.ActiveCfg = Release|Win32
		{95F8E7FF-F8B1-4E42-942A-9D2370EE9602}.Release|x86.Build.0 = Release|Win32
		{EC8EC03B-1FD4-4664-90E9-B088324E390A}.Debug|x64.ActiveCfg = Debug|x64
		{EC8EC03B-1FD4-4664-90E9-B088324E390A}.Debug|x64.Build.0 = Debug|x64
		{EC8EC03B-1FD4-4664-90E9-B088324E390A}.Debug|x86.ActiveCfg = Debug|Win32
		{EC8EC03B-1FD4-4664-90E9-B088324E390A}.Debug|x86.Build.0 = Debug|Win32
		{EC8EC03B-1FD4-4664-90E9-B088324E390A}.Release|x64.ActiveCfg = Release|x64
		{EC8EC03B-1FD4-4664-90E9-B088324E390A}.Release|x64.Build.0 = Release|x64
		{EC8EC03B-1FD4-4664-90E9-B088324E390A}.Release|x86.ActiveCfg = Release|Win32
		{EC8EC03B-1FD4-4664-90E9-B088324E390A}.Release|x86.Build.0 = Release|Win32
		{BE3964C8-6EAE-4869-9C69-5A87A71B222E}.Debug|x64.ActiveCfg = Debug|x64
		{BE3964C8-6EAE-4869-9C69-5A87A71B222E}.Debug|x64.Build.0 = Debug|x64
		{BE3964C8-6EAE-4869-9C69-5A87A71B222E}.Debug|x86.ActiveCfg = Debug|Win32
		{BE3964C8-6EAE-4869-9C69-5A87A71B222E}.Debug|x86.Build.0 = Debug|Win32
		{BE3964C8-6EAE-4869-9C69-5A87A71B222E}.Release|x64.ActiveCfg = Release|x64
		{BE3964C8-6EAE-4869-9C69-5A87A71B222E}.Release|x64.Build.0 = Release|x64
		{BE3964C8-6EAE-4869-9C69-5A87A71B222E}.Release|x86.ActiveCfg = Release|Win32
		{BE3964C8-6EAE-4869-9C69-5A87A71B222E}.Release|x86.Build.0 = Release|Win32
		{FD751C0D-C5FA-46F7-8E0F-7E8F17359727}.Debug|x64.ActiveCfg = Debug|x64
		{FD751C0D-C5FA-46F7-8E0F-7E8F17359727}.Debug|x64.Build.0 = Debug|x64
		{FD751C0D-C5FA-46F7-8E0F-7E8F17359727}.Debug|x86.ActiveCfg = Debug|Win32
		{FD751C0D-C5FA-46F7-8E0F-7E8F17359727}.Debug|x86.Build.0 = Debug|Win32
		{FD751C0D-C5FA-46F7-8E0F-7E8F17359727}.Release|x64.ActiveCfg = Release|x64
		{FD751C0D-C5FA-46F7-8E0F-7E8F17359727}.Release|x64.Build.0 = Release|x64
		{FD751C0D-C5FA-46F7-8E0F-7E8F17359727}.Release|x86.ActiveCfg = Release|Win32
		{FD751C0D-C5FA-46F7-8E0F-7E8F17359727}.Release|x86.Build.0 = Release|Win32
		{8B7004A1-1CFF-43A9-9BBE-8E85542D070A}.Debug|x64.ActiveCfg = Debug|x64
		{8B7004A1-1CFF-43A9-9BBE-8E85542D070A}.Debug|x64.Build.0 = Debug|x64
		{8B7004A1-1CFF-43A9-9BBE-8E85542D070A}.Debug|x86.ActiveCfg = Debug|Win32
		{8B7004A1-1CFF-43A9-9BBE-8E85542D070A}.Debug|x86.Build.0 = Debug|Win32
		{8B7004A1-1CFF-43A9-9BBE-8E85542D070A}.Release|x64.ActiveCfg = Release|x64
		{8B7004A1-1CFF-43A9-9BBE-8E85542D070A}.Release|x64.Build.0 = Release|x64
		{8B7004A1-1CFF-43A9-9BBE-8E85542D070A}.Release|x86.ActiveCfg = Release|Win32
		{8B7004A1-1CFF-43A9-9BBE-8E85542D070A}.Release|x86.Build.0 = Release|Win32
		{0DD24FCC-9BB0-4F4A-92E3-AE3F8ED836C7}.Debug|x64.ActiveCfg = Debug|x64
		{0DD24FCC-9BB0-4F4A-92E3-AE3F8ED836C7}.Debug|x64.Build.0 = Debug|x64
		{0DD24FCC-9BB0-4F4A-92E3-AE3F8ED836C7}.Debug|x86.ActiveCfg = Debug|Win32
		{0DD24FCC-9BB0-4F4A-92E3-AE3F8ED836C7}.Debug|x86.Build.0 = Debug|Win32
		{0DD24FCC-9BB0-4F4A-92E3-AE3F8ED836C7}.Release|x64.ActiveCfg = Release|x64
		{0DD24FCC-9BB0-4F4A-92E3-AE3F8ED836C7}.Release|x64.Build.0 = Release|x64
		{0DD24FCC-9BB0-4F4A-92E3-AE3F8ED836C7}.Release|x86.ActiveCfg = Release|Win32
		{0DD24FCC-9BB0-4F4A-92E3-AE3F8ED836C7}.Release|x86.Build.0 = Release|Win32
		{5E361CB5-B9A7-412C-9D66-CD42CA263685}.Debug|x64.ActiveCfg = Debug|x64
		{5E361CB5-B9A7-412C-9D66-CD42CA263685}.Debug|x64.Build.0 = Debug|x64
		{5E361CB5-B9A7-412C-9D66-CD42CA263685}.Debug|x86.ActiveCfg = Debug|Win32
		{5E361CB5-B9A7-412C-9D66-CD42CA263685}.Debug|x86.Build.0 = Debug|Win32
		{5E361CB5-B9A7-412C-9D66-CD42CA263685}.Release|x64.ActiveCfg = Release|x64
		{5E361CB5-B9A7-412C-9D66-CD42CA263685}.Release|x64.Build.0 = Release|x64
		{5E361CB5-B9A7-412C-9D66-CD42CA263685}.Release|x86.ActiveCfg = Release|Win32
		{5E361CB5-B9A7-412C-9D66-CD42CA263685}.Release|x86.Build.0 = Release|Win32
		{C9697199-F599-4F2B-A6AF-06E986BC517D}.Debug|x64.ActiveCfg = Debug|x64
		{C9697199-F599-4F2B-A6AF-06E986BC517D}.Debug|x64.Build.0 = Debug|x64
		{C9697199-F599-4F2B-A6AF-06E986BC517D}.Debug|x86.ActiveCfg = Debug|Win32
		{C9697199-F599-4F2B-A6AF-06E986BC517D}.Debug|x86.Build.0 = Debug|Win32
		{C9697199-F599-4F2B-A6AF-06E986BC517D}.Release|x64.ActiveCfg = Release|x64
		{C9697199-F599-4F2B-A6AF-06E986BC517D}.Release|x64.Build.0 = Release|x64
		{C9697199-F599-4F2B-A6AF-06E986BC517D}.Release|x86.ActiveCfg = Release|Win32
		{C9697199-F599-4F2B-A6AF-06E986BC517D}.Release|x86.Build.0 = Release|Win32
		{8D302F8A-1C8D-4381-83D0-BDAF3426983C}.Debug|x64.ActiveCfg = Debug|x64
		{8D302F8A-1C8D-4381-83D0-BDAF3426983C}.Debug|x64.Build.0 = Debug|x64
		{8D302F8A-1C8D-4381-83D0-BDAF3426983C}.Debug|x86.ActiveCfg = Debug|Win32
		{8D302F8A-1C8D-4381-83D0-BDAF3426983C}.Debug|x86.Build.0 = Debug|Win32
		{8D302F8A-1C8D-4381-83D0-BDAF3426983C}.Release|x64.ActiveCfg = Release|x64
		{8D302F8A-1C8D-4381-83D0-BDAF3426983C}.Release|x64.Build.0 = Release|x64
		{8D302F8A-1C8D-4381-83D0-BDAF3426983C}.Release|x86.ActiveCfg = Release|Win32
		{8D302F8A-1C8D-4381-83D0-BDAF3426983C}.Release|x86.Build.0 = Release|Win32
		{417611CC-BCE4-44D9-8558-6C8CEC2E04EB}.Debug|x64.ActiveCfg = Debug|x64
		{417611CC-BCE4-44D9-8558-6C8CEC2E04EB}.Debug|x64.Build.0 = Debug|x64
		{417611CC-BCE4-44D9-8558-6C8CEC2E04EB}.Debug|x86.ActiveCfg = Debug|Win32
		{417611CC-BCE4-44D9-8558-6C8CEC2E04EB}.Debug|x86.Build.0 = Debug|Win32
		{417611CC-BCE4-44D9-8558-6C8CEC2E04EB}.Release|x64.ActiveCfg = Release|x64
		{417611CC-BCE4-44D9-8558-6C8CEC2E04EB}.Release|x64.Build.0 = Release|x64
		{417611CC-BCE4-44D9-8558-6C8CEC2E04EB}.Release|x86.ActiveCfg = Release|Win32
		{417611CC-BCE4-44D9-8558-6C8CEC2E04EB}.Release|x86.Build.0 = Release|Win32
		{B3C02734-843B-409B-8C2C-BC82E03F393E}.Debug|x64.ActiveCfg = Debug|x64
		{B3C02734-843B-409B-8C2C-BC82E03F393E}.Debug|x64.Build.0 = Debug|x64
		{B3C02734-843B-409B-8C2C-BC82E03F393E}.Debug|x86.ActiveCfg = Debug|Win32
		{B3C02734-843B-409B-8C2C-BC82E03F393E}.Debug|x86.Build.0 = Debug|Win32
		{B3C02734-843B-409B-8C2C-BC82E03F393E}.Release|x64.ActiveCfg = Release|x64
		{B3C02734-843B-409B-8C2C-BC82E03F393E}.Release|x64.Build.0 = Release|x64
		{B3C02734-843B-409B-8C2C-BC82E03F393E}.Release|x86.ActiveCfg = Release|Win32
		{B3C02734-843B-409B-8C2C-BC82E03F393E}.Release|x86.Build.0 = Release|Win32
	EndGlobalSection
	GlobalSection(SolutionProperties) = preSolution
		HideSolutionNode = FALSE
	EndGlobalSection
	GlobalSection(ExtensibilityGlobals) = postSolution
		SolutionGuid = {72B965E7-18FA-434C-BD39-E1E8D941DBAB}
	EndGlobalSection
EndGlobal
